
Microsoft Visual Studio Solution File, Format Version 12.00
# Visual Studio Version 17
VisualStudioVersion = 17.3.32819.101
MinimumVisualStudioVersion = 10.0.40219.1
Project("{FAE04EC0-301F-11D3-BF4B-00C04F79EFBC}") = "TraceAndDebugDotNet", "TraceAndDebugDotNet\TraceAndDebugDotNet.csproj", "{A015F49E-B3B4-4DB8-A868-4D6F758453BA}"
EndProject
Global
	GlobalSection(SolutionConfigurationPlatforms) = preSolution
		Debug|Any CPU = Debug|Any CPU
		Release|Any CPU = Release|Any CPU
	EndGlobalSection
	GlobalSection(ProjectConfigurationPlatforms) = postSolution
		{A015F49E-B3B4-4DB8-A868-4D6F758453BA}.Debug|Any CPU.ActiveCfg = Debug|Any CPU
		{A015F49E-B3B4-4DB8-A868-4D6F758453BA}.Debug|Any CPU.Build.0 = Debug|Any CPU
		{A015F49E-B3B4-4DB8-A868-4D6F758453BA}.Release|Any CPU.ActiveCfg = Release|Any CPU
		{A015F49E-B3B4-4DB8-A868-4D6F758453BA}.Release|Any CPU.Build.0 = Release|Any CPU
	EndGlobalSection
	GlobalSection(SolutionProperties) = preSolution
		HideSolutionNode = FALSE
	EndGlobalSection
	GlobalSection(ExtensibilityGlobals) = postSolution
		SolutionGuid = {F81AE559-B74B-47CB-A40E-AF8EDF1EA884}
	EndGlobalSection
EndGlobal
